
Microsoft Visual Studio Solution File, Format Version 12.00
# Visual Studio Version 16
VisualStudioVersion = 16.0.30114.105
MinimumVisualStudioVersion = 10.0.40219.1
Project("{FAE04EC0-301F-11D3-BF4B-00C04F79EFBC}") = "APIGateway", "APIGateway\APIGateway.csproj", "{1F1E7897-0F44-4F9B-9FDC-FBC88C226144}"
EndProject
Project("{2150E333-8FDC-42A3-9474-1A3956D46DE8}") = "Services", "Services", "{FECF7C9B-2163-4DBF-8EE4-69BA43C665A6}"
EndProject
Project("{2150E333-8FDC-42A3-9474-1A3956D46DE8}") = "ContactAPI", "ContactAPI", "{F828FFC4-6186-4935-ADB4-133681381571}"
EndProject
Project("{FAE04EC0-301F-11D3-BF4B-00C04F79EFBC}") = "ContactAPI", "Services\ContactAPI\Contact.API\ContactAPI.csproj", "{173CC349-F342-4C2A-AB98-2CBBBB62D477}"
EndProject
Project("{FAE04EC0-301F-11D3-BF4B-00C04F79EFBC}") = "Contant.API.Infrastructure", "Services\ContactAPI\Contant.API.Infrastructure\Contant.API.Infrastructure.csproj", "{47B8A92D-175A-466E-A3F1-B8C4ED629090}"
EndProject
Project("{FAE04EC0-301F-11D3-BF4B-00C04F79EFBC}") = "Contant.API.Models", "Services\ContactAPI\Contant.API.Models\Contant.API.Models.csproj", "{327ED38E-81A6-47D8-A6E9-C4A4BBA4B86C}"
EndProject
Project("{FAE04EC0-301F-11D3-BF4B-00C04F79EFBC}") = "Contant.API.Services", "Services\ContactAPI\Contant.API.Services\Contant.API.Services.csproj", "{3F51A88B-1AD6-4C2F-890B-3967988D2608}"
EndProject
Project("{2150E333-8FDC-42A3-9474-1A3956D46DE8}") = "ReservationAPI", "ReservationAPI", "{D68B6BE5-3D34-4784-BB72-ECC6917D682D}"
EndProject
Project("{FAE04EC0-301F-11D3-BF4B-00C04F79EFBC}") = "ReservationAPI", "Services\ReservationAPI\Reservation.API\ReservationAPI.csproj", "{BB02B23A-D4CD-4285-AB0A-BC3482B571C1}"
EndProject
Project("{FAE04EC0-301F-11D3-BF4B-00C04F79EFBC}") = "Reservation.API.Infrastructure", "Services\ReservationAPI\Reservation.API.Infrastructure\Reservation.API.Infrastructure.csproj", "{1F67038A-F1B1-44E5-8918-2EAF61A57A51}"
EndProject
Project("{FAE04EC0-301F-11D3-BF4B-00C04F79EFBC}") = "Reservation.API.Models", "Services\ReservationAPI\Reservation.API.Models\Reservation.API.Models.csproj", "{61A5829E-B4F5-40EC-86E4-F56BA5B0D228}"
EndProject
Project("{FAE04EC0-301F-11D3-BF4B-00C04F79EFBC}") = "Reservation.API.Services", "Services\ReservationAPI\Reservation.API.Services\Reservation.API.Services.csproj", "{ADD6C3AB-A1C8-4ABE-9F05-DAF65C6BAE92}"
EndProject
Global
	GlobalSection(SolutionConfigurationPlatforms) = preSolution
		Debug|Any CPU = Debug|Any CPU
		Debug|x64 = Debug|x64
		Debug|x86 = Debug|x86
		Release|Any CPU = Release|Any CPU
		Release|x64 = Release|x64
		Release|x86 = Release|x86
	EndGlobalSection
	GlobalSection(SolutionProperties) = preSolution
		HideSolutionNode = FALSE
	EndGlobalSection
	GlobalSection(ProjectConfigurationPlatforms) = postSolution
		{1F1E7897-0F44-4F9B-9FDC-FBC88C226144}.Debug|Any CPU.ActiveCfg = Debug|Any CPU
		{1F1E7897-0F44-4F9B-9FDC-FBC88C226144}.Debug|Any CPU.Build.0 = Debug|Any CPU
		{1F1E7897-0F44-4F9B-9FDC-FBC88C226144}.Debug|x64.ActiveCfg = Debug|Any CPU
		{1F1E7897-0F44-4F9B-9FDC-FBC88C226144}.Debug|x64.Build.0 = Debug|Any CPU
		{1F1E7897-0F44-4F9B-9FDC-FBC88C226144}.Debug|x86.ActiveCfg = Debug|Any CPU
		{1F1E7897-0F44-4F9B-9FDC-FBC88C226144}.Debug|x86.Build.0 = Debug|Any CPU
		{1F1E7897-0F44-4F9B-9FDC-FBC88C226144}.Release|Any CPU.ActiveCfg = Release|Any CPU
		{1F1E7897-0F44-4F9B-9FDC-FBC88C226144}.Release|Any CPU.Build.0 = Release|Any CPU
		{1F1E7897-0F44-4F9B-9FDC-FBC88C226144}.Release|x64.ActiveCfg = Release|Any CPU
		{1F1E7897-0F44-4F9B-9FDC-FBC88C226144}.Release|x64.Build.0 = Release|Any CPU
		{1F1E7897-0F44-4F9B-9FDC-FBC88C226144}.Release|x86.ActiveCfg = Release|Any CPU
		{1F1E7897-0F44-4F9B-9FDC-FBC88C226144}.Release|x86.Build.0 = Release|Any CPU
		{173CC349-F342-4C2A-AB98-2CBBBB62D477}.Debug|Any CPU.ActiveCfg = Debug|Any CPU
		{173CC349-F342-4C2A-AB98-2CBBBB62D477}.Debug|Any CPU.Build.0 = Debug|Any CPU
		{173CC349-F342-4C2A-AB98-2CBBBB62D477}.Debug|x64.ActiveCfg = Debug|Any CPU
		{173CC349-F342-4C2A-AB98-2CBBBB62D477}.Debug|x64.Build.0 = Debug|Any CPU
		{173CC349-F342-4C2A-AB98-2CBBBB62D477}.Debug|x86.ActiveCfg = Debug|Any CPU
		{173CC349-F342-4C2A-AB98-2CBBBB62D477}.Debug|x86.Build.0 = Debug|Any CPU
		{173CC349-F342-4C2A-AB98-2CBBBB62D477}.Release|Any CPU.ActiveCfg = Release|Any CPU
		{173CC349-F342-4C2A-AB98-2CBBBB62D477}.Release|Any CPU.Build.0 = Release|Any CPU
		{173CC349-F342-4C2A-AB98-2CBBBB62D477}.Release|x64.ActiveCfg = Release|Any CPU
		{173CC349-F342-4C2A-AB98-2CBBBB62D477}.Release|x64.Build.0 = Release|Any CPU
		{173CC349-F342-4C2A-AB98-2CBBBB62D477}.Release|x86.ActiveCfg = Release|Any CPU
		{173CC349-F342-4C2A-AB98-2CBBBB62D477}.Release|x86.Build.0 = Release|Any CPU
		{47B8A92D-175A-466E-A3F1-B8C4ED629090}.Debug|Any CPU.ActiveCfg = Debug|Any CPU
		{47B8A92D-175A-466E-A3F1-B8C4ED629090}.Debug|Any CPU.Build.0 = Debug|Any CPU
		{47B8A92D-175A-466E-A3F1-B8C4ED629090}.Debug|x64.ActiveCfg = Debug|Any CPU
		{47B8A92D-175A-466E-A3F1-B8C4ED629090}.Debug|x64.Build.0 = Debug|Any CPU
		{47B8A92D-175A-466E-A3F1-B8C4ED629090}.Debug|x86.ActiveCfg = Debug|Any CPU
		{47B8A92D-175A-466E-A3F1-B8C4ED629090}.Debug|x86.Build.0 = Debug|Any CPU
		{47B8A92D-175A-466E-A3F1-B8C4ED629090}.Release|Any CPU.ActiveCfg = Release|Any CPU
		{47B8A92D-175A-466E-A3F1-B8C4ED629090}.Release|Any CPU.Build.0 = Release|Any CPU
		{47B8A92D-175A-466E-A3F1-B8C4ED629090}.Release|x64.ActiveCfg = Release|Any CPU
		{47B8A92D-175A-466E-A3F1-B8C4ED629090}.Release|x64.Build.0 = Release|Any CPU
		{47B8A92D-175A-466E-A3F1-B8C4ED629090}.Release|x86.ActiveCfg = Release|Any CPU
		{47B8A92D-175A-466E-A3F1-B8C4ED629090}.Release|x86.Build.0 = Release|Any CPU
		{327ED38E-81A6-47D8-A6E9-C4A4BBA4B86C}.Debug|Any CPU.ActiveCfg = Debug|Any CPU
		{327ED38E-81A6-47D8-A6E9-C4A4BBA4B86C}.Debug|Any CPU.Build.0 = Debug|Any CPU
		{327ED38E-81A6-47D8-A6E9-C4A4BBA4B86C}.Debug|x64.ActiveCfg = Debug|Any CPU
		{327ED38E-81A6-47D8-A6E9-C4A4BBA4B86C}.Debug|x64.Build.0 = Debug|Any CPU
		{327ED38E-81A6-47D8-A6E9-C4A4BBA4B86C}.Debug|x86.ActiveCfg = Debug|Any CPU
		{327ED38E-81A6-47D8-A6E9-C4A4BBA4B86C}.Debug|x86.Build.0 = Debug|Any CPU
		{327ED38E-81A6-47D8-A6E9-C4A4BBA4B86C}.Release|Any CPU.ActiveCfg = Release|Any CPU
		{327ED38E-81A6-47D8-A6E9-C4A4BBA4B86C}.Release|Any CPU.Build.0 = Release|Any CPU
		{327ED38E-81A6-47D8-A6E9-C4A4BBA4B86C}.Release|x64.ActiveCfg = Release|Any CPU
		{327ED38E-81A6-47D8-A6E9-C4A4BBA4B86C}.Release|x64.Build.0 = Release|Any CPU
		{327ED38E-81A6-47D8-A6E9-C4A4BBA4B86C}.Release|x86.ActiveCfg = Release|Any CPU
		{327ED38E-81A6-47D8-A6E9-C4A4BBA4B86C}.Release|x86.Build.0 = Release|Any CPU
		{3F51A88B-1AD6-4C2F-890B-3967988D2608}.Debug|Any CPU.ActiveCfg = Debug|Any CPU
		{3F51A88B-1AD6-4C2F-890B-3967988D2608}.Debug|Any CPU.Build.0 = Debug|Any CPU
		{3F51A88B-1AD6-4C2F-890B-3967988D2608}.Debug|x64.ActiveCfg = Debug|Any CPU
		{3F51A88B-1AD6-4C2F-890B-3967988D2608}.Debug|x64.Build.0 = Debug|Any CPU
		{3F51A88B-1AD6-4C2F-890B-3967988D2608}.Debug|x86.ActiveCfg = Debug|Any CPU
		{3F51A88B-1AD6-4C2F-890B-3967988D2608}.Debug|x86.Build.0 = Debug|Any CPU
		{3F51A88B-1AD6-4C2F-890B-3967988D2608}.Release|Any CPU.ActiveCfg = Release|Any CPU
		{3F51A88B-1AD6-4C2F-890B-3967988D2608}.Release|Any CPU.Build.0 = Release|Any CPU
		{3F51A88B-1AD6-4C2F-890B-3967988D2608}.Release|x64.ActiveCfg = Release|Any CPU
		{3F51A88B-1AD6-4C2F-890B-3967988D2608}.Release|x64.Build.0 = Release|Any CPU
		{3F51A88B-1AD6-4C2F-890B-3967988D2608}.Release|x86.ActiveCfg = Release|Any CPU
		{3F51A88B-1AD6-4C2F-890B-3967988D2608}.Release|x86.Build.0 = Release|Any CPU
		{BB02B23A-D4CD-4285-AB0A-BC3482B571C1}.Debug|Any CPU.ActiveCfg = Debug|Any CPU
		{BB02B23A-D4CD-4285-AB0A-BC3482B571C1}.Debug|Any CPU.Build.0 = Debug|Any CPU
		{BB02B23A-D4CD-4285-AB0A-BC3482B571C1}.Debug|x64.ActiveCfg = Debug|Any CPU
		{BB02B23A-D4CD-4285-AB0A-BC3482B571C1}.Debug|x64.Build.0 = Debug|Any CPU
		{BB02B23A-D4CD-4285-AB0A-BC3482B571C1}.Debug|x86.ActiveCfg = Debug|Any CPU
		{BB02B23A-D4CD-4285-AB0A-BC3482B571C1}.Debug|x86.Build.0 = Debug|Any CPU
		{BB02B23A-D4CD-4285-AB0A-BC3482B571C1}.Release|Any CPU.ActiveCfg = Release|Any CPU
		{BB02B23A-D4CD-4285-AB0A-BC3482B571C1}.Release|Any CPU.Build.0 = Release|Any CPU
		{BB02B23A-D4CD-4285-AB0A-BC3482B571C1}.Release|x64.ActiveCfg = Release|Any CPU
		{BB02B23A-D4CD-4285-AB0A-BC3482B571C1}.Release|x64.Build.0 = Release|Any CPU
		{BB02B23A-D4CD-4285-AB0A-BC3482B571C1}.Release|x86.ActiveCfg = Release|Any CPU
		{BB02B23A-D4CD-4285-AB0A-BC3482B571C1}.Release|x86.Build.0 = Release|Any CPU
		{1F67038A-F1B1-44E5-8918-2EAF61A57A51}.Debug|Any CPU.ActiveCfg = Debug|Any CPU
		{1F67038A-F1B1-44E5-8918-2EAF61A57A51}.Debug|Any CPU.Build.0 = Debug|Any CPU
		{1F67038A-F1B1-44E5-8918-2EAF61A57A51}.Debug|x64.ActiveCfg = Debug|Any CPU
		{1F67038A-F1B1-44E5-8918-2EAF61A57A51}.Debug|x64.Build.0 = Debug|Any CPU
		{1F67038A-F1B1-44E5-8918-2EAF61A57A51}.Debug|x86.ActiveCfg = Debug|Any CPU
		{1F67038A-F1B1-44E5-8918-2EAF61A57A51}.Debug|x86.Build.0 = Debug|Any CPU
		{1F67038A-F1B1-44E5-8918-2EAF61A57A51}.Release|Any CPU.ActiveCfg = Release|Any CPU
		{1F67038A-F1B1-44E5-8918-2EAF61A57A51}.Release|Any CPU.Build.0 = Release|Any CPU
		{1F67038A-F1B1-44E5-8918-2EAF61A57A51}.Release|x64.ActiveCfg = Release|Any CPU
		{1F67038A-F1B1-44E5-8918-2EAF61A57A51}.Release|x64.Build.0 = Release|Any CPU
		{1F67038A-F1B1-44E5-8918-2EAF61A57A51}.Release|x86.ActiveCfg = Release|Any CPU
		{1F67038A-F1B1-44E5-8918-2EAF61A57A51}.Release|x86.Build.0 = Release|Any CPU
		{61A5829E-B4F5-40EC-86E4-F56BA5B0D228}.Debug|Any CPU.ActiveCfg = Debug|Any CPU
		{61A5829E-B4F5-40EC-86E4-F56BA5B0D228}.Debug|Any CPU.Build.0 = Debug|Any CPU
		{61A5829E-B4F5-40EC-86E4-F56BA5B0D228}.Debug|x64.ActiveCfg = Debug|Any CPU
		{61A5829E-B4F5-40EC-86E4-F56BA5B0D228}.Debug|x64.Build.0 = Debug|Any CPU
		{61A5829E-B4F5-40EC-86E4-F56BA5B0D228}.Debug|x86.ActiveCfg = Debug|Any CPU
		{61A5829E-B4F5-40EC-86E4-F56BA5B0D228}.Debug|x86.Build.0 = Debug|Any CPU
		{61A5829E-B4F5-40EC-86E4-F56BA5B0D228}.Release|Any CPU.ActiveCfg = Release|Any CPU
		{61A5829E-B4F5-40EC-86E4-F56BA5B0D228}.Release|Any CPU.Build.0 = Release|Any CPU
		{61A5829E-B4F5-40EC-86E4-F56BA5B0D228}.Release|x64.ActiveCfg = Release|Any CPU
		{61A5829E-B4F5-40EC-86E4-F56BA5B0D228}.Release|x64.Build.0 = Release|Any CPU
		{61A5829E-B4F5-40EC-86E4-F56BA5B0D228}.Release|x86.ActiveCfg = Release|Any CPU
		{61A5829E-B4F5-40EC-86E4-F56BA5B0D228}.Release|x86.Build.0 = Release|Any CPU
		{ADD6C3AB-A1C8-4ABE-9F05-DAF65C6BAE92}.Debug|Any CPU.ActiveCfg = Debug|Any CPU
		{ADD6C3AB-A1C8-4ABE-9F05-DAF65C6BAE92}.Debug|Any CPU.Build.0 = Debug|Any CPU
		{ADD6C3AB-A1C8-4ABE-9F05-DAF65C6BAE92}.Debug|x64.ActiveCfg = Debug|Any CPU
		{ADD6C3AB-A1C8-4ABE-9F05-DAF65C6BAE92}.Debug|x64.Build.0 = Debug|Any CPU
		{ADD6C3AB-A1C8-4ABE-9F05-DAF65C6BAE92}.Debug|x86.ActiveCfg = Debug|Any CPU
		{ADD6C3AB-A1C8-4ABE-9F05-DAF65C6BAE92}.Debug|x86.Build.0 = Debug|Any CPU
		{ADD6C3AB-A1C8-4ABE-9F05-DAF65C6BAE92}.Release|Any CPU.ActiveCfg = Release|Any CPU
		{ADD6C3AB-A1C8-4ABE-9F05-DAF65C6BAE92}.Release|Any CPU.Build.0 = Release|Any CPU
		{ADD6C3AB-A1C8-4ABE-9F05-DAF65C6BAE92}.Release|x64.ActiveCfg = Release|Any CPU
		{ADD6C3AB-A1C8-4ABE-9F05-DAF65C6BAE92}.Release|x64.Build.0 = Release|Any CPU
		{ADD6C3AB-A1C8-4ABE-9F05-DAF65C6BAE92}.Release|x86.ActiveCfg = Release|Any CPU
		{ADD6C3AB-A1C8-4ABE-9F05-DAF65C6BAE92}.Release|x86.Build.0 = Release|Any CPU
	EndGlobalSection
	GlobalSection(NestedProjects) = preSolution
		{F828FFC4-6186-4935-ADB4-133681381571} = {FECF7C9B-2163-4DBF-8EE4-69BA43C665A6}
		{173CC349-F342-4C2A-AB98-2CBBBB62D477} = {F828FFC4-6186-4935-ADB4-133681381571}
		{47B8A92D-175A-466E-A3F1-B8C4ED629090} = {F828FFC4-6186-4935-ADB4-133681381571}
		{327ED38E-81A6-47D8-A6E9-C4A4BBA4B86C} = {F828FFC4-6186-4935-ADB4-133681381571}
		{3F51A88B-1AD6-4C2F-890B-3967988D2608} = {F828FFC4-6186-4935-ADB4-133681381571}
		{D68B6BE5-3D34-4784-BB72-ECC6917D682D} = {FECF7C9B-2163-4DBF-8EE4-69BA43C665A6}
		{BB02B23A-D4CD-4285-AB0A-BC3482B571C1} = {D68B6BE5-3D34-4784-BB72-ECC6917D682D}
		{1F67038A-F1B1-44E5-8918-2EAF61A57A51} = {D68B6BE5-3D34-4784-BB72-ECC6917D682D}
		{61A5829E-B4F5-40EC-86E4-F56BA5B0D228} = {D68B6BE5-3D34-4784-BB72-ECC6917D682D}
		{ADD6C3AB-A1C8-4ABE-9F05-DAF65C6BAE92} = {D68B6BE5-3D34-4784-BB72-ECC6917D682D}
	EndGlobalSection
EndGlobal
